// !$*UTF8*$!
{
	archiveVersion = 1;
	classes = {
	};
	objectVersion = 51;
	objects = {

/* Begin PBXBuildFile section */
		17CE167CB7977FE50E9E0C2F /* Pods_SnipApplicationTests.framework in Frameworks */ = {isa = PBXBuildFile; fileRef = FE205EA548E9F7069820DDC6 /* Pods_SnipApplicationTests.framework */; };
		24DB5A0F4DEB1399ADC7E943 /* Pods_SnipApplication.framework in Frameworks */ = {isa = PBXBuildFile; fileRef = A47504CDBB66BB7FC7240C0D /* Pods_SnipApplication.framework */; };
		343601AC262E2BA100AF8FD1 /* AppDelegate.swift in Sources */ = {isa = PBXBuildFile; fileRef = 343601AB262E2BA100AF8FD1 /* AppDelegate.swift */; };
		343601AE262E2BA100AF8FD1 /* SceneDelegate.swift in Sources */ = {isa = PBXBuildFile; fileRef = 343601AD262E2BA100AF8FD1 /* SceneDelegate.swift */; };
		343601B0262E2BA100AF8FD1 /* PersonalInfoViewController.swift in Sources */ = {isa = PBXBuildFile; fileRef = 343601AF262E2BA100AF8FD1 /* PersonalInfoViewController.swift */; };
		343601B3262E2BA100AF8FD1 /* Main.storyboard in Resources */ = {isa = PBXBuildFile; fileRef = 343601B1262E2BA100AF8FD1 /* Main.storyboard */; };
		343601B6262E2BA100AF8FD1 /* SnipApplication.xcdatamodeld in Sources */ = {isa = PBXBuildFile; fileRef = 343601B4262E2BA100AF8FD1 /* SnipApplication.xcdatamodeld */; };
		343601B8262E2BA500AF8FD1 /* Assets.xcassets in Resources */ = {isa = PBXBuildFile; fileRef = 343601B7262E2BA500AF8FD1 /* Assets.xcassets */; };
		343601BB262E2BA500AF8FD1 /* LaunchScreen.storyboard in Resources */ = {isa = PBXBuildFile; fileRef = 343601B9262E2BA500AF8FD1 /* LaunchScreen.storyboard */; };
		343601F2262E5C1100AF8FD1 /* LoginSignUpViewController.swift in Sources */ = {isa = PBXBuildFile; fileRef = 343601F1262E5C1100AF8FD1 /* LoginSignUpViewController.swift */; };
		343601F7262E5C1A00AF8FD1 /* LoginViewController.swift in Sources */ = {isa = PBXBuildFile; fileRef = 343601F6262E5C1A00AF8FD1 /* LoginViewController.swift */; };
		343601FC262E5C2200AF8FD1 /* SIgnUpViewController.swift in Sources */ = {isa = PBXBuildFile; fileRef = 343601FB262E5C2200AF8FD1 /* SIgnUpViewController.swift */; };
		34360201262E5D7500AF8FD1 /* LoginViewModel.swift in Sources */ = {isa = PBXBuildFile; fileRef = 34360200262E5D7500AF8FD1 /* LoginViewModel.swift */; };
		34360206262E5DC900AF8FD1 /* LoginTests.swift in Sources */ = {isa = PBXBuildFile; fileRef = 34360205262E5DC900AF8FD1 /* LoginTests.swift */; };
		3436020B262E5F8700AF8FD1 /* Style.swift in Sources */ = {isa = PBXBuildFile; fileRef = 3436020A262E5F8700AF8FD1 /* Style.swift */; };
		34360218262E64B900AF8FD1 /* constansts.swift in Sources */ = {isa = PBXBuildFile; fileRef = 34360217262E64B900AF8FD1 /* constansts.swift */; };
		3459F330262F7D47000DF24E /* SignUpViewModel.swift in Sources */ = {isa = PBXBuildFile; fileRef = 3459F32F262F7D47000DF24E /* SignUpViewModel.swift */; };
		3459F334262F7E9F000DF24E /* Protocols.swift in Sources */ = {isa = PBXBuildFile; fileRef = 3459F333262F7E9F000DF24E /* Protocols.swift */; };
		3459F33B26306C7E000DF24E /* BlogTableViewCell.swift in Sources */ = {isa = PBXBuildFile; fileRef = 3459F33926306C7E000DF24E /* BlogTableViewCell.swift */; };
		3459F33C26306C7E000DF24E /* BlogTableViewCell.xib in Resources */ = {isa = PBXBuildFile; fileRef = 3459F33A26306C7E000DF24E /* BlogTableViewCell.xib */; };
		347F5FAA263092D20094EEC0 /* FeedViewController.swift in Sources */ = {isa = PBXBuildFile; fileRef = 347F5FA9263092D20094EEC0 /* FeedViewController.swift */; };
		347F5FAE2630939B0094EEC0 /* FeedViewModel.swift in Sources */ = {isa = PBXBuildFile; fileRef = 347F5FAD2630939B0094EEC0 /* FeedViewModel.swift */; };
		347F5FB2263093F90094EEC0 /* Feed.swift in Sources */ = {isa = PBXBuildFile; fileRef = 347F5FB1263093F90094EEC0 /* Feed.swift */; };
		347F5FB82630948A0094EEC0 /* FeedViewModelTests.swift in Sources */ = {isa = PBXBuildFile; fileRef = 347F5FB72630948A0094EEC0 /* FeedViewModelTests.swift */; };
		34F66C6C2630B00D00746E9C /* GoogleService-Info.plist in Resources */ = {isa = PBXBuildFile; fileRef = 34F66C6B2630B00D00746E9C /* GoogleService-Info.plist */; };
/* End PBXBuildFile section */

/* Begin PBXContainerItemProxy section */
		343601C2262E2BA500AF8FD1 /* PBXContainerItemProxy */ = {
			isa = PBXContainerItemProxy;
			containerPortal = 343601A0262E2BA100AF8FD1 /* Project object */;
			proxyType = 1;
			remoteGlobalIDString = 343601A7262E2BA100AF8FD1;
			remoteInfo = SnipApplication;
		};
/* End PBXContainerItemProxy section */

/* Begin PBXFileReference section */
		343601A8262E2BA100AF8FD1 /* SnipApplication.app */ = {isa = PBXFileReference; explicitFileType = wrapper.application; includeInIndex = 0; path = SnipApplication.app; sourceTree = BUILT_PRODUCTS_DIR; };
		343601AB262E2BA100AF8FD1 /* AppDelegate.swift */ = {isa = PBXFileReference; lastKnownFileType = sourcecode.swift; path = AppDelegate.swift; sourceTree = "<group>"; };
		343601AD262E2BA100AF8FD1 /* SceneDelegate.swift */ = {isa = PBXFileReference; lastKnownFileType = sourcecode.swift; path = SceneDelegate.swift; sourceTree = "<group>"; };
		343601AF262E2BA100AF8FD1 /* PersonalInfoViewController.swift */ = {isa = PBXFileReference; lastKnownFileType = sourcecode.swift; path = PersonalInfoViewController.swift; sourceTree = "<group>"; };
		343601B2262E2BA100AF8FD1 /* Base */ = {isa = PBXFileReference; lastKnownFileType = file.storyboard; name = Base; path = Base.lproj/Main.storyboard; sourceTree = "<group>"; };
		343601B5262E2BA100AF8FD1 /* SnipApplication.xcdatamodel */ = {isa = PBXFileReference; lastKnownFileType = wrapper.xcdatamodel; path = SnipApplication.xcdatamodel; sourceTree = "<group>"; };
		343601B7262E2BA500AF8FD1 /* Assets.xcassets */ = {isa = PBXFileReference; lastKnownFileType = folder.assetcatalog; path = Assets.xcassets; sourceTree = "<group>"; };
		343601BA262E2BA500AF8FD1 /* Base */ = {isa = PBXFileReference; lastKnownFileType = file.storyboard; name = Base; path = Base.lproj/LaunchScreen.storyboard; sourceTree = "<group>"; };
		343601BC262E2BA500AF8FD1 /* Info.plist */ = {isa = PBXFileReference; lastKnownFileType = text.plist.xml; path = Info.plist; sourceTree = "<group>"; };
		343601C1262E2BA500AF8FD1 /* SnipApplicationTests.xctest */ = {isa = PBXFileReference; explicitFileType = wrapper.cfbundle; includeInIndex = 0; path = SnipApplicationTests.xctest; sourceTree = BUILT_PRODUCTS_DIR; };
		343601C7262E2BA500AF8FD1 /* Info.plist */ = {isa = PBXFileReference; lastKnownFileType = text.plist.xml; path = Info.plist; sourceTree = "<group>"; };
		343601F1262E5C1100AF8FD1 /* LoginSignUpViewController.swift */ = {isa = PBXFileReference; lastKnownFileType = sourcecode.swift; path = LoginSignUpViewController.swift; sourceTree = "<group>"; };
		343601F6262E5C1A00AF8FD1 /* LoginViewController.swift */ = {isa = PBXFileReference; lastKnownFileType = sourcecode.swift; path = LoginViewController.swift; sourceTree = "<group>"; };
		343601FB262E5C2200AF8FD1 /* SIgnUpViewController.swift */ = {isa = PBXFileReference; lastKnownFileType = sourcecode.swift; path = SIgnUpViewController.swift; sourceTree = "<group>"; };
		34360200262E5D7500AF8FD1 /* LoginViewModel.swift */ = {isa = PBXFileReference; lastKnownFileType = sourcecode.swift; path = LoginViewModel.swift; sourceTree = "<group>"; };
		34360205262E5DC900AF8FD1 /* LoginTests.swift */ = {isa = PBXFileReference; lastKnownFileType = sourcecode.swift; path = LoginTests.swift; sourceTree = "<group>"; };
		3436020A262E5F8700AF8FD1 /* Style.swift */ = {isa = PBXFileReference; lastKnownFileType = sourcecode.swift; path = Style.swift; sourceTree = "<group>"; };
		34360217262E64B900AF8FD1 /* constansts.swift */ = {isa = PBXFileReference; lastKnownFileType = sourcecode.swift; path = constansts.swift; sourceTree = "<group>"; };
		3459F32F262F7D47000DF24E /* SignUpViewModel.swift */ = {isa = PBXFileReference; lastKnownFileType = sourcecode.swift; path = SignUpViewModel.swift; sourceTree = "<group>"; };
		3459F333262F7E9F000DF24E /* Protocols.swift */ = {isa = PBXFileReference; lastKnownFileType = sourcecode.swift; path = Protocols.swift; sourceTree = "<group>"; };
		3459F33926306C7E000DF24E /* BlogTableViewCell.swift */ = {isa = PBXFileReference; lastKnownFileType = sourcecode.swift; path = BlogTableViewCell.swift; sourceTree = "<group>"; };
		3459F33A26306C7E000DF24E /* BlogTableViewCell.xib */ = {isa = PBXFileReference; lastKnownFileType = file.xib; path = BlogTableViewCell.xib; sourceTree = "<group>"; };
		347F5FA9263092D20094EEC0 /* FeedViewController.swift */ = {isa = PBXFileReference; lastKnownFileType = sourcecode.swift; path = FeedViewController.swift; sourceTree = "<group>"; };
		347F5FAD2630939B0094EEC0 /* FeedViewModel.swift */ = {isa = PBXFileReference; lastKnownFileType = sourcecode.swift; path = FeedViewModel.swift; sourceTree = "<group>"; };
		347F5FB1263093F90094EEC0 /* Feed.swift */ = {isa = PBXFileReference; lastKnownFileType = sourcecode.swift; path = Feed.swift; sourceTree = "<group>"; };
		347F5FB72630948A0094EEC0 /* FeedViewModelTests.swift */ = {isa = PBXFileReference; lastKnownFileType = sourcecode.swift; path = FeedViewModelTests.swift; sourceTree = "<group>"; };
		34F66C6B2630B00D00746E9C /* GoogleService-Info.plist */ = {isa = PBXFileReference; fileEncoding = 4; lastKnownFileType = text.plist.xml; path = "GoogleService-Info.plist"; sourceTree = "<group>"; };
		52E529774CFFCDF433E71A01 /* Pods-SnipApplicationTests.release.xcconfig */ = {isa = PBXFileReference; includeInIndex = 1; lastKnownFileType = text.xcconfig; name = "Pods-SnipApplicationTests.release.xcconfig"; path = "Target Support Files/Pods-SnipApplicationTests/Pods-SnipApplicationTests.release.xcconfig"; sourceTree = "<group>"; };
		71FC2A7BC8BC2E4DFE31C6EA /* Pods-SnipApplication.debug.xcconfig */ = {isa = PBXFileReference; includeInIndex = 1; lastKnownFileType = text.xcconfig; name = "Pods-SnipApplication.debug.xcconfig"; path = "Target Support Files/Pods-SnipApplication/Pods-SnipApplication.debug.xcconfig"; sourceTree = "<group>"; };
		96D471234DEF188D0E39B0B0 /* Pods-SnipApplication.release.xcconfig */ = {isa = PBXFileReference; includeInIndex = 1; lastKnownFileType = text.xcconfig; name = "Pods-SnipApplication.release.xcconfig"; path = "Target Support Files/Pods-SnipApplication/Pods-SnipApplication.release.xcconfig"; sourceTree = "<group>"; };
		A47504CDBB66BB7FC7240C0D /* Pods_SnipApplication.framework */ = {isa = PBXFileReference; explicitFileType = wrapper.framework; includeInIndex = 0; path = Pods_SnipApplication.framework; sourceTree = BUILT_PRODUCTS_DIR; };
		CE60CE2F035428D09F068816 /* Pods-SnipApplicationTests.debug.xcconfig */ = {isa = PBXFileReference; includeInIndex = 1; lastKnownFileType = text.xcconfig; name = "Pods-SnipApplicationTests.debug.xcconfig"; path = "Target Support Files/Pods-SnipApplicationTests/Pods-SnipApplicationTests.debug.xcconfig"; sourceTree = "<group>"; };
		FE205EA548E9F7069820DDC6 /* Pods_SnipApplicationTests.framework */ = {isa = PBXFileReference; explicitFileType = wrapper.framework; includeInIndex = 0; path = Pods_SnipApplicationTests.framework; sourceTree = BUILT_PRODUCTS_DIR; };
/* End PBXFileReference section */

/* Begin PBXFrameworksBuildPhase section */
		343601A5262E2BA100AF8FD1 /* Frameworks */ = {
			isa = PBXFrameworksBuildPhase;
			buildActionMask = 2147483647;
			files = (
				24DB5A0F4DEB1399ADC7E943 /* Pods_SnipApplication.framework in Frameworks */,
			);
			runOnlyForDeploymentPostprocessing = 0;
		};
		343601BE262E2BA500AF8FD1 /* Frameworks */ = {
			isa = PBXFrameworksBuildPhase;
			buildActionMask = 2147483647;
			files = (
				17CE167CB7977FE50E9E0C2F /* Pods_SnipApplicationTests.framework in Frameworks */,
			);
			runOnlyForDeploymentPostprocessing = 0;
		};
/* End PBXFrameworksBuildPhase section */

/* Begin PBXGroup section */
		3436019F262E2BA100AF8FD1 = {
			isa = PBXGroup;
			children = (
				343601AA262E2BA100AF8FD1 /* SnipApplication */,
				343601C4262E2BA500AF8FD1 /* SnipApplicationTests */,
				343601A9262E2BA100AF8FD1 /* Products */,
				D6E812A6C65546E6DC8C4B01 /* Pods */,
				B6DA874A3C8311D343CF689E /* Frameworks */,
			);
			sourceTree = "<group>";
		};
		343601A9262E2BA100AF8FD1 /* Products */ = {
			isa = PBXGroup;
			children = (
				343601A8262E2BA100AF8FD1 /* SnipApplication.app */,
				343601C1262E2BA500AF8FD1 /* SnipApplicationTests.xctest */,
			);
			name = Products;
			sourceTree = "<group>";
		};
		343601AA262E2BA100AF8FD1 /* SnipApplication */ = {
			isa = PBXGroup;
			children = (
				34EC88832631D80D002878E0 /* Supporting Files */,
				34EC88972631D899002878E0 /* View */,
				34EC88822631D7E7002878E0 /* View Controllers */,
				34EC88812631D7D9002878E0 /* Models */,
				34EC88802631D7C7002878E0 /* View Models */,
				34EC88922631D873002878E0 /* Extensions */,
				343601B7262E2BA500AF8FD1 /* Assets.xcassets */,
				34F66C6B2630B00D00746E9C /* GoogleService-Info.plist */,
				343601BC262E2BA500AF8FD1 /* Info.plist */,
				343601B4262E2BA100AF8FD1 /* SnipApplication.xcdatamodeld */,
			);
			path = SnipApplication;
			sourceTree = "<group>";
		};
		343601C4262E2BA500AF8FD1 /* SnipApplicationTests */ = {
			isa = PBXGroup;
			children = (
				34360205262E5DC900AF8FD1 /* LoginTests.swift */,
				347F5FB72630948A0094EEC0 /* FeedViewModelTests.swift */,
				343601C7262E2BA500AF8FD1 /* Info.plist */,
			);
			path = SnipApplicationTests;
			sourceTree = "<group>";
		};
		34EC88802631D7C7002878E0 /* View Models */ = {
			isa = PBXGroup;
			children = (
				3459F32F262F7D47000DF24E /* SignUpViewModel.swift */,
				34360200262E5D7500AF8FD1 /* LoginViewModel.swift */,
				347F5FAD2630939B0094EEC0 /* FeedViewModel.swift */,
			);
			path = "View Models";
			sourceTree = "<group>";
		};
		34EC88812631D7D9002878E0 /* Models */ = {
			isa = PBXGroup;
			children = (
				347F5FB1263093F90094EEC0 /* Feed.swift */,
			);
			path = Models;
			sourceTree = "<group>";
		};
		34EC88822631D7E7002878E0 /* View Controllers */ = {
			isa = PBXGroup;
			children = (
				343601AF262E2BA100AF8FD1 /* PersonalInfoViewController.swift */,
				347F5FA9263092D20094EEC0 /* FeedViewController.swift */,
				343601F1262E5C1100AF8FD1 /* LoginSignUpViewController.swift */,
				343601FB262E5C2200AF8FD1 /* SIgnUpViewController.swift */,
				343601F6262E5C1A00AF8FD1 /* LoginViewController.swift */,
				3459F33926306C7E000DF24E /* BlogTableViewCell.swift */,
			);
			path = "View Controllers";
			sourceTree = "<group>";
		};
		34EC88832631D80D002878E0 /* Supporting Files */ = {
			isa = PBXGroup;
			children = (
				343601AB262E2BA100AF8FD1 /* AppDelegate.swift */,
				343601AD262E2BA100AF8FD1 /* SceneDelegate.swift */,
			);
			path = "Supporting Files";
			sourceTree = "<group>";
		};
		34EC88922631D873002878E0 /* Extensions */ = {
			isa = PBXGroup;
			children = (
				34360217262E64B900AF8FD1 /* constansts.swift */,
				3436020A262E5F8700AF8FD1 /* Style.swift */,
				3459F333262F7E9F000DF24E /* Protocols.swift */,
			);
			path = Extensions;
			sourceTree = "<group>";
		};
		34EC88972631D899002878E0 /* View */ = {
			isa = PBXGroup;
			children = (
				343601B9262E2BA500AF8FD1 /* LaunchScreen.storyboard */,
				343601B1262E2BA100AF8FD1 /* Main.storyboard */,
				3459F33A26306C7E000DF24E /* BlogTableViewCell.xib */,
			);
			path = View;
			sourceTree = "<group>";
		};
		B6DA874A3C8311D343CF689E /* Frameworks */ = {
			isa = PBXGroup;
			children = (
				A47504CDBB66BB7FC7240C0D /* Pods_SnipApplication.framework */,
				FE205EA548E9F7069820DDC6 /* Pods_SnipApplicationTests.framework */,
			);
			name = Frameworks;
			sourceTree = "<group>";
		};
		D6E812A6C65546E6DC8C4B01 /* Pods */ = {
			isa = PBXGroup;
			children = (
				71FC2A7BC8BC2E4DFE31C6EA /* Pods-SnipApplication.debug.xcconfig */,
				96D471234DEF188D0E39B0B0 /* Pods-SnipApplication.release.xcconfig */,
				CE60CE2F035428D09F068816 /* Pods-SnipApplicationTests.debug.xcconfig */,
				52E529774CFFCDF433E71A01 /* Pods-SnipApplicationTests.release.xcconfig */,
			);
			path = Pods;
			sourceTree = "<group>";
		};
/* End PBXGroup section */

/* Begin PBXNativeTarget section */
		343601A7262E2BA100AF8FD1 /* SnipApplication */ = {
			isa = PBXNativeTarget;
			buildConfigurationList = 343601D5262E2BA500AF8FD1 /* Build configuration list for PBXNativeTarget "SnipApplication" */;
			buildPhases = (
				5FD039D3BC6A04F32B8B2258 /* [CP] Check Pods Manifest.lock */,
				343601A4262E2BA100AF8FD1 /* Sources */,
				343601A5262E2BA100AF8FD1 /* Frameworks */,
				343601A6262E2BA100AF8FD1 /* Resources */,
				411CB718CBCEA5DF2BEEC3C2 /* [CP] Embed Pods Frameworks */,
			);
			buildRules = (
			);
			dependencies = (
			);
			name = SnipApplication;
			productName = SnipApplication;
			productReference = 343601A8262E2BA100AF8FD1 /* SnipApplication.app */;
			productType = "com.apple.product-type.application";
		};
		343601C0262E2BA500AF8FD1 /* SnipApplicationTests */ = {
			isa = PBXNativeTarget;
			buildConfigurationList = 343601D8262E2BA500AF8FD1 /* Build configuration list for PBXNativeTarget "SnipApplicationTests" */;
			buildPhases = (
				41CF9537C8A577DB50E4AF0A /* [CP] Check Pods Manifest.lock */,
				343601BD262E2BA500AF8FD1 /* Sources */,
				343601BE262E2BA500AF8FD1 /* Frameworks */,
				343601BF262E2BA500AF8FD1 /* Resources */,
			);
			buildRules = (
			);
			dependencies = (
				343601C3262E2BA500AF8FD1 /* PBXTargetDependency */,
			);
			name = SnipApplicationTests;
			productName = SnipApplicationTests;
			productReference = 343601C1262E2BA500AF8FD1 /* SnipApplicationTests.xctest */;
			productType = "com.apple.product-type.bundle.unit-test";
		};
/* End PBXNativeTarget section */

/* Begin PBXProject section */
		343601A0262E2BA100AF8FD1 /* Project object */ = {
			isa = PBXProject;
			attributes = {
				LastSwiftUpdateCheck = 1240;
				LastUpgradeCheck = 1240;
				TargetAttributes = {
					343601A7262E2BA100AF8FD1 = {
						CreatedOnToolsVersion = 12.4;
					};
					343601C0262E2BA500AF8FD1 = {
						CreatedOnToolsVersion = 12.4;
						TestTargetID = 343601A7262E2BA100AF8FD1;
					};
				};
			};
			buildConfigurationList = 343601A3262E2BA100AF8FD1 /* Build configuration list for PBXProject "SnipApplication" */;
			compatibilityVersion = "Xcode 9.3";
			developmentRegion = en;
			hasScannedForEncodings = 0;
			knownRegions = (
				en,
				Base,
			);
			mainGroup = 3436019F262E2BA100AF8FD1;
			productRefGroup = 343601A9262E2BA100AF8FD1 /* Products */;
			projectDirPath = "";
			projectRoot = "";
			targets = (
				343601A7262E2BA100AF8FD1 /* SnipApplication */,
				343601C0262E2BA500AF8FD1 /* SnipApplicationTests */,
			);
		};
/* End PBXProject section */

/* Begin PBXResourcesBuildPhase section */
		343601A6262E2BA100AF8FD1 /* Resources */ = {
			isa = PBXResourcesBuildPhase;
			buildActionMask = 2147483647;
			files = (
				343601BB262E2BA500AF8FD1 /* LaunchScreen.storyboard in Resources */,
				3459F33C26306C7E000DF24E /* BlogTableViewCell.xib in Resources */,
				34F66C6C2630B00D00746E9C /* GoogleService-Info.plist in Resources */,
				343601B8262E2BA500AF8FD1 /* Assets.xcassets in Resources */,
				343601B3262E2BA100AF8FD1 /* Main.storyboard in Resources */,
			);
			runOnlyForDeploymentPostprocessing = 0;
		};
		343601BF262E2BA500AF8FD1 /* Resources */ = {
			isa = PBXResourcesBuildPhase;
			buildActionMask = 2147483647;
			files = (
			);
			runOnlyForDeploymentPostprocessing = 0;
		};
/* End PBXResourcesBuildPhase section */

/* Begin PBXShellScriptBuildPhase section */
		411CB718CBCEA5DF2BEEC3C2 /* [CP] Embed Pods Frameworks */ = {
			isa = PBXShellScriptBuildPhase;
			buildActionMask = 2147483647;
			files = (
			);
			inputFileListPaths = (
				"${PODS_ROOT}/Target Support Files/Pods-SnipApplication/Pods-SnipApplication-frameworks-${CONFIGURATION}-input-files.xcfilelist",
			);
			name = "[CP] Embed Pods Frameworks";
			outputFileListPaths = (
				"${PODS_ROOT}/Target Support Files/Pods-SnipApplication/Pods-SnipApplication-frameworks-${CONFIGURATION}-output-files.xcfilelist",
			);
			runOnlyForDeploymentPostprocessing = 0;
			shellPath = /bin/sh;
			shellScript = "\"${PODS_ROOT}/Target Support Files/Pods-SnipApplication/Pods-SnipApplication-frameworks.sh\"\n";
			showEnvVarsInLog = 0;
		};
		41CF9537C8A577DB50E4AF0A /* [CP] Check Pods Manifest.lock */ = {
			isa = PBXShellScriptBuildPhase;
			buildActionMask = 2147483647;
			files = (
			);
			inputFileListPaths = (
			);
			inputPaths = (
				"${PODS_PODFILE_DIR_PATH}/Podfile.lock",
				"${PODS_ROOT}/Manifest.lock",
			);
			name = "[CP] Check Pods Manifest.lock";
			outputFileListPaths = (
			);
			outputPaths = (
				"$(DERIVED_FILE_DIR)/Pods-SnipApplicationTests-checkManifestLockResult.txt",
			);
			runOnlyForDeploymentPostprocessing = 0;
			shellPath = /bin/sh;
			shellScript = "diff \"${PODS_PODFILE_DIR_PATH}/Podfile.lock\" \"${PODS_ROOT}/Manifest.lock\" > /dev/null\nif [ $? != 0 ] ; then\n    # print error to STDERR\n    echo \"error: The sandbox is not in sync with the Podfile.lock. Run 'pod install' or update your CocoaPods installation.\" >&2\n    exit 1\nfi\n# This output is used by Xcode 'outputs' to avoid re-running this script phase.\necho \"SUCCESS\" > \"${SCRIPT_OUTPUT_FILE_0}\"\n";
			showEnvVarsInLog = 0;
		};
		5FD039D3BC6A04F32B8B2258 /* [CP] Check Pods Manifest.lock */ = {
			isa = PBXShellScriptBuildPhase;
			buildActionMask = 2147483647;
			files = (
			);
			inputFileListPaths = (
			);
			inputPaths = (
				"${PODS_PODFILE_DIR_PATH}/Podfile.lock",
				"${PODS_ROOT}/Manifest.lock",
			);
			name = "[CP] Check Pods Manifest.lock";
			outputFileListPaths = (
			);
			outputPaths = (
				"$(DERIVED_FILE_DIR)/Pods-SnipApplication-checkManifestLockResult.txt",
			);
			runOnlyForDeploymentPostprocessing = 0;
			shellPath = /bin/sh;
			shellScript = "diff \"${PODS_PODFILE_DIR_PATH}/Podfile.lock\" \"${PODS_ROOT}/Manifest.lock\" > /dev/null\nif [ $? != 0 ] ; then\n    # print error to STDERR\n    echo \"error: The sandbox is not in sync with the Podfile.lock. Run 'pod install' or update your CocoaPods installation.\" >&2\n    exit 1\nfi\n# This output is used by Xcode 'outputs' to avoid re-running this script phase.\necho \"SUCCESS\" > \"${SCRIPT_OUTPUT_FILE_0}\"\n";
			showEnvVarsInLog = 0;
		};
/* End PBXShellScriptBuildPhase section */

/* Begin PBXSourcesBuildPhase section */
		343601A4262E2BA100AF8FD1 /* Sources */ = {
			isa = PBXSourcesBuildPhase;
			buildActionMask = 2147483647;
			files = (
				343601F7262E5C1A00AF8FD1 /* LoginViewController.swift in Sources */,
				34360218262E64B900AF8FD1 /* constansts.swift in Sources */,
				343601B0262E2BA100AF8FD1 /* PersonalInfoViewController.swift in Sources */,
				3459F334262F7E9F000DF24E /* Protocols.swift in Sources */,
				343601FC262E5C2200AF8FD1 /* SIgnUpViewController.swift in Sources */,
				347F5FB2263093F90094EEC0 /* Feed.swift in Sources */,
				347F5FAE2630939B0094EEC0 /* FeedViewModel.swift in Sources */,
				343601AC262E2BA100AF8FD1 /* AppDelegate.swift in Sources */,
				347F5FAA263092D20094EEC0 /* FeedViewController.swift in Sources */,
				34360201262E5D7500AF8FD1 /* LoginViewModel.swift in Sources */,
				343601F2262E5C1100AF8FD1 /* LoginSignUpViewController.swift in Sources */,
				343601B6262E2BA100AF8FD1 /* SnipApplication.xcdatamodeld in Sources */,
				3436020B262E5F8700AF8FD1 /* Style.swift in Sources */,
				3459F330262F7D47000DF24E /* SignUpViewModel.swift in Sources */,
				3459F33B26306C7E000DF24E /* BlogTableViewCell.swift in Sources */,
				343601AE262E2BA100AF8FD1 /* SceneDelegate.swift in Sources */,
			);
			runOnlyForDeploymentPostprocessing = 0;
		};
		343601BD262E2BA500AF8FD1 /* Sources */ = {
			isa = PBXSourcesBuildPhase;
			buildActionMask = 2147483647;
			files = (
				34360206262E5DC900AF8FD1 /* LoginTests.swift in Sources */,
				347F5FB82630948A0094EEC0 /* FeedViewModelTests.swift in Sources */,
			);
			runOnlyForDeploymentPostprocessing = 0;
		};
/* End PBXSourcesBuildPhase section */

/* Begin PBXTargetDependency section */
		343601C3262E2BA500AF8FD1 /* PBXTargetDependency */ = {
			isa = PBXTargetDependency;
			target = 343601A7262E2BA100AF8FD1 /* SnipApplication */;
			targetProxy = 343601C2262E2BA500AF8FD1 /* PBXContainerItemProxy */;
		};
/* End PBXTargetDependency section */

/* Begin PBXVariantGroup section */
		343601B1262E2BA100AF8FD1 /* Main.storyboard */ = {
			isa = PBXVariantGroup;
			children = (
				343601B2262E2BA100AF8FD1 /* Base */,
			);
			name = Main.storyboard;
			sourceTree = "<group>";
		};
		343601B9262E2BA500AF8FD1 /* LaunchScreen.storyboard */ = {
			isa = PBXVariantGroup;
			children = (
				343601BA262E2BA500AF8FD1 /* Base */,
			);
			name = LaunchScreen.storyboard;
			sourceTree = "<group>";
		};
/* End PBXVariantGroup section */

/* Begin XCBuildConfiguration section */
		343601D3262E2BA500AF8FD1 /* Debug */ = {
			isa = XCBuildConfiguration;
			buildSettings = {
				ALWAYS_SEARCH_USER_PATHS = NO;
				CLANG_ANALYZER_NONNULL = YES;
				CLANG_ANALYZER_NUMBER_OBJECT_CONVERSION = YES_AGGRESSIVE;
				CLANG_CXX_LANGUAGE_STANDARD = "gnu++14";
				CLANG_CXX_LIBRARY = "libc++";
				CLANG_ENABLE_MODULES = YES;
				CLANG_ENABLE_OBJC_ARC = YES;
				CLANG_ENABLE_OBJC_WEAK = YES;
				CLANG_WARN_BLOCK_CAPTURE_AUTORELEASING = YES;
				CLANG_WARN_BOOL_CONVERSION = YES;
				CLANG_WARN_COMMA = YES;
				CLANG_WARN_CONSTANT_CONVERSION = YES;
				CLANG_WARN_DEPRECATED_OBJC_IMPLEMENTATIONS = YES;
				CLANG_WARN_DIRECT_OBJC_ISA_USAGE = YES_ERROR;
				CLANG_WARN_DOCUMENTATION_COMMENTS = YES;
				CLANG_WARN_EMPTY_BODY = YES;
				CLANG_WARN_ENUM_CONVERSION = YES;
				CLANG_WARN_INFINITE_RECURSION = YES;
				CLANG_WARN_INT_CONVERSION = YES;
				CLANG_WARN_NON_LITERAL_NULL_CONVERSION = YES;
				CLANG_WARN_OBJC_IMPLICIT_RETAIN_SELF = YES;
				CLANG_WARN_OBJC_LITERAL_CONVERSION = YES;
				CLANG_WARN_OBJC_ROOT_CLASS = YES_ERROR;
				CLANG_WARN_QUOTED_INCLUDE_IN_FRAMEWORK_HEADER = YES;
				CLANG_WARN_RANGE_LOOP_ANALYSIS = YES;
				CLANG_WARN_STRICT_PROTOTYPES = YES;
				CLANG_WARN_SUSPICIOUS_MOVE = YES;
				CLANG_WARN_UNGUARDED_AVAILABILITY = YES_AGGRESSIVE;
				CLANG_WARN_UNREACHABLE_CODE = YES;
				CLANG_WARN__DUPLICATE_METHOD_MATCH = YES;
				COPY_PHASE_STRIP = NO;
				DEBUG_INFORMATION_FORMAT = dwarf;
				ENABLE_STRICT_OBJC_MSGSEND = YES;
				ENABLE_TESTABILITY = YES;
				GCC_C_LANGUAGE_STANDARD = gnu11;
				GCC_DYNAMIC_NO_PIC = NO;
				GCC_NO_COMMON_BLOCKS = YES;
				GCC_OPTIMIZATION_LEVEL = 0;
				GCC_PREPROCESSOR_DEFINITIONS = (
					"DEBUG=1",
					"$(inherited)",
				);
				GCC_WARN_64_TO_32_BIT_CONVERSION = YES;
				GCC_WARN_ABOUT_RETURN_TYPE = YES_ERROR;
				GCC_WARN_UNDECLARED_SELECTOR = YES;
				GCC_WARN_UNINITIALIZED_AUTOS = YES_AGGRESSIVE;
				GCC_WARN_UNUSED_FUNCTION = YES;
				GCC_WARN_UNUSED_VARIABLE = YES;
				IPHONEOS_DEPLOYMENT_TARGET = 14.4;
				MTL_ENABLE_DEBUG_INFO = INCLUDE_SOURCE;
				MTL_FAST_MATH = YES;
				ONLY_ACTIVE_ARCH = YES;
				SDKROOT = iphoneos;
				SWIFT_ACTIVE_COMPILATION_CONDITIONS = DEBUG;
				SWIFT_OPTIMIZATION_LEVEL = "-Onone";
			};
			name = Debug;
		};
		343601D4262E2BA500AF8FD1 /* Release */ = {
			isa = XCBuildConfiguration;
			buildSettings = {
				ALWAYS_SEARCH_USER_PATHS = NO;
				CLANG_ANALYZER_NONNULL = YES;
				CLANG_ANALYZER_NUMBER_OBJECT_CONVERSION = YES_AGGRESSIVE;
				CLANG_CXX_LANGUAGE_STANDARD = "gnu++14";
				CLANG_CXX_LIBRARY = "libc++";
				CLANG_ENABLE_MODULES = YES;
				CLANG_ENABLE_OBJC_ARC = YES;
				CLANG_ENABLE_OBJC_WEAK = YES;
				CLANG_WARN_BLOCK_CAPTURE_AUTORELEASING = YES;
				CLANG_WARN_BOOL_CONVERSION = YES;
				CLANG_WARN_COMMA = YES;
				CLANG_WARN_CONSTANT_CONVERSION = YES;
				CLANG_WARN_DEPRECATED_OBJC_IMPLEMENTATIONS = YES;
				CLANG_WARN_DIRECT_OBJC_ISA_USAGE = YES_ERROR;
				CLANG_WARN_DOCUMENTATION_COMMENTS = YES;
				CLANG_WARN_EMPTY_BODY = YES;
				CLANG_WARN_ENUM_CONVERSION = YES;
				CLANG_WARN_INFINITE_RECURSION = YES;
				CLANG_WARN_INT_CONVERSION = YES;
				CLANG_WARN_NON_LITERAL_NULL_CONVERSION = YES;
				CLANG_WARN_OBJC_IMPLICIT_RETAIN_SELF = YES;
				CLANG_WARN_OBJC_LITERAL_CONVERSION = YES;
				CLANG_WARN_OBJC_ROOT_CLASS = YES_ERROR;
				CLANG_WARN_QUOTED_INCLUDE_IN_FRAMEWORK_HEADER = YES;
				CLANG_WARN_RANGE_LOOP_ANALYSIS = YES;
				CLANG_WARN_STRICT_PROTOTYPES = YES;
				CLANG_WARN_SUSPICIOUS_MOVE = YES;
				CLANG_WARN_UNGUARDED_AVAILABILITY = YES_AGGRESSIVE;
				CLANG_WARN_UNREACHABLE_CODE = YES;
				CLANG_WARN__DUPLICATE_METHOD_MATCH = YES;
				COPY_PHASE_STRIP = NO;
				DEBUG_INFORMATION_FORMAT = "dwarf-with-dsym";
				ENABLE_NS_ASSERTIONS = NO;
				ENABLE_STRICT_OBJC_MSGSEND = YES;
				GCC_C_LANGUAGE_STANDARD = gnu11;
				GCC_NO_COMMON_BLOCKS = YES;
				GCC_WARN_64_TO_32_BIT_CONVERSION = YES;
				GCC_WARN_ABOUT_RETURN_TYPE = YES_ERROR;
				GCC_WARN_UNDECLARED_SELECTOR = YES;
				GCC_WARN_UNINITIALIZED_AUTOS = YES_AGGRESSIVE;
				GCC_WARN_UNUSED_FUNCTION = YES;
				GCC_WARN_UNUSED_VARIABLE = YES;
				IPHONEOS_DEPLOYMENT_TARGET = 14.4;
				MTL_ENABLE_DEBUG_INFO = NO;
				MTL_FAST_MATH = YES;
				SDKROOT = iphoneos;
				SWIFT_COMPILATION_MODE = wholemodule;
				SWIFT_OPTIMIZATION_LEVEL = "-O";
				VALIDATE_PRODUCT = YES;
			};
			name = Release;
		};
		343601D6262E2BA500AF8FD1 /* Debug */ = {
			isa = XCBuildConfiguration;
			baseConfigurationReference = 71FC2A7BC8BC2E4DFE31C6EA /* Pods-SnipApplication.debug.xcconfig */;
			buildSettings = {
				ASSETCATALOG_COMPILER_APPICON_NAME = AppIcon;
				ASSETCATALOG_COMPILER_GLOBAL_ACCENT_COLOR_NAME = AccentColor;
				CODE_SIGN_STYLE = Automatic;
				INFOPLIST_FILE = SnipApplication/Info.plist;
				LD_RUNPATH_SEARCH_PATHS = (
					"$(inherited)",
					"@executable_path/Frameworks",
				);
				PRODUCT_BUNDLE_IDENTIFIER = com.alevy.SnipApplication;
				PRODUCT_NAME = "$(TARGET_NAME)";
				SWIFT_VERSION = 5.0;
				TARGETED_DEVICE_FAMILY = "1,2";
			};
			name = Debug;
		};
		343601D7262E2BA500AF8FD1 /* Release */ = {
			isa = XCBuildConfiguration;
			baseConfigurationReference = 96D471234DEF188D0E39B0B0 /* Pods-SnipApplication.release.xcconfig */;
			buildSettings = {
				ASSETCATALOG_COMPILER_APPICON_NAME = AppIcon;
				ASSETCATALOG_COMPILER_GLOBAL_ACCENT_COLOR_NAME = AccentColor;
				CODE_SIGN_STYLE = Automatic;
				INFOPLIST_FILE = SnipApplication/Info.plist;
				LD_RUNPATH_SEARCH_PATHS = (
					"$(inherited)",
					"@executable_path/Frameworks",
				);
				PRODUCT_BUNDLE_IDENTIFIER = com.alevy.SnipApplication;
				PRODUCT_NAME = "$(TARGET_NAME)";
				SWIFT_VERSION = 5.0;
				TARGETED_DEVICE_FAMILY = "1,2";
			};
			name = Release;
		};
		343601D9262E2BA500AF8FD1 /* Debug */ = {
			isa = XCBuildConfiguration;
			baseConfigurationReference = CE60CE2F035428D09F068816 /* Pods-SnipApplicationTests.debug.xcconfig */;
			buildSettings = {
				ALWAYS_EMBED_SWIFT_STANDARD_LIBRARIES = YES;
				BUNDLE_LOADER = "$(TEST_HOST)";
				CODE_SIGN_STYLE = Automatic;
				INFOPLIST_FILE = SnipApplicationTests/Info.plist;
				IPHONEOS_DEPLOYMENT_TARGET = 14.4;
				LD_RUNPATH_SEARCH_PATHS = (
					"$(inherited)",
					"@executable_path/Frameworks",
					"@loader_path/Frameworks",
				);
				PRODUCT_BUNDLE_IDENTIFIER = com.alevy.SnipApplicationTests;
				PRODUCT_NAME = "$(TARGET_NAME)";
				SWIFT_VERSION = 5.0;
				TARGETED_DEVICE_FAMILY = "1,2";
				TEST_HOST = "$(BUILT_PRODUCTS_DIR)/SnipApplication.app/SnipApplication";
			};
			name = Debug;
		};
		343601DA262E2BA500AF8FD1 /* Release */ = {
			isa = XCBuildConfiguration;
			baseConfigurationReference = 52E529774CFFCDF433E71A01 /* Pods-SnipApplicationTests.release.xcconfig */;
			buildSettings = {
				ALWAYS_EMBED_SWIFT_STANDARD_LIBRARIES = YES;
				BUNDLE_LOADER = "$(TEST_HOST)";
				CODE_SIGN_STYLE = Automatic;
				INFOPLIST_FILE = SnipApplicationTests/Info.plist;
				IPHONEOS_DEPLOYMENT_TARGET = 14.4;
				LD_RUNPATH_SEARCH_PATHS = (
					"$(inherited)",
					"@executable_path/Frameworks",
					"@loader_path/Frameworks",
				);
				PRODUCT_BUNDLE_IDENTIFIER = com.alevy.SnipApplicationTests;
				PRODUCT_NAME = "$(TARGET_NAME)";
				SWIFT_VERSION = 5.0;
				TARGETED_DEVICE_FAMILY = "1,2";
				TEST_HOST = "$(BUILT_PRODUCTS_DIR)/SnipApplication.app/SnipApplication";
			};
			name = Release;
		};
/* End XCBuildConfiguration section */

/* Begin XCConfigurationList section */
		343601A3262E2BA100AF8FD1 /* Build configuration list for PBXProject "SnipApplication" */ = {
			isa = XCConfigurationList;
			buildConfigurations = (
				343601D3262E2BA500AF8FD1 /* Debug */,
				343601D4262E2BA500AF8FD1 /* Release */,
			);
			defaultConfigurationIsVisible = 0;
			defaultConfigurationName = Release;
		};
		343601D5262E2BA500AF8FD1 /* Build configuration list for PBXNativeTarget "SnipApplication" */ = {
			isa = XCConfigurationList;
			buildConfigurations = (
				343601D6262E2BA500AF8FD1 /* Debug */,
				343601D7262E2BA500AF8FD1 /* Release */,
			);
			defaultConfigurationIsVisible = 0;
			defaultConfigurationName = Release;
		};
		343601D8262E2BA500AF8FD1 /* Build configuration list for PBXNativeTarget "SnipApplicationTests" */ = {
			isa = XCConfigurationList;
			buildConfigurations = (
				343601D9262E2BA500AF8FD1 /* Debug */,
				343601DA262E2BA500AF8FD1 /* Release */,
			);
			defaultConfigurationIsVisible = 0;
			defaultConfigurationName = Release;
		};
/* End XCConfigurationList section */

/* Begin XCVersionGroup section */
		343601B4262E2BA100AF8FD1 /* SnipApplication.xcdatamodeld */ = {
			isa = XCVersionGroup;
			children = (
				343601B5262E2BA100AF8FD1 /* SnipApplication.xcdatamodel */,
			);
			currentVersion = 343601B5262E2BA100AF8FD1 /* SnipApplication.xcdatamodel */;
			path = SnipApplication.xcdatamodeld;
			sourceTree = "<group>";
			versionGroupType = wrapper.xcdatamodel;
		};
/* End XCVersionGroup section */
	};
	rootObject = 343601A0262E2BA100AF8FD1 /* Project object */;
}
